
Microsoft Visual Studio Solution File, Format Version 12.00
# Visual Studio 15
VisualStudioVersion = 15.0.28307.168
MinimumVisualStudioVersion = 10.0.40219.1
Project("{9A19103F-16F7-4668-BE54-9A1E7A4F7556}") = "web_api", "web_api.csproj", "{CFE73219-9291-4FEF-92AF-9465C31690CB}"
EndProject
Global
	GlobalSection(SolutionConfigurationPlatforms) = preSolution
		Debug|Any CPU = Debug|Any CPU
		Release|Any CPU = Release|Any CPU
	EndGlobalSection
	GlobalSection(ProjectConfigurationPlatforms) = postSolution
		{CFE73219-9291-4FEF-92AF-9465C31690CB}.Debug|Any CPU.ActiveCfg = Debug|Any CPU
		{CFE73219-9291-4FEF-92AF-9465C31690CB}.Debug|Any CPU.Build.0 = Debug|Any CPU
		{CFE73219-9291-4FEF-92AF-9465C31690CB}.Release|Any CPU.ActiveCfg = Release|Any CPU
		{CFE73219-9291-4FEF-92AF-9465C31690CB}.Release|Any CPU.Build.0 = Release|Any CPU
	EndGlobalSection
	GlobalSection(SolutionProperties) = preSolution
		HideSolutionNode = FALSE
	EndGlobalSection
	GlobalSection(ExtensibilityGlobals) = postSolution
		SolutionGuid = {6137914D-7E03-4DD9-ACD5-0D31033FB812}
	EndGlobalSection
EndGlobal
